
Microsoft Visual Studio Solution File, Format Version 12.00
# Visual Studio Version 17
VisualStudioVersion = 17.1.32414.318
MinimumVisualStudioVersion = 10.0.40219.1
Project("{FAE04EC0-301F-11D3-BF4B-00C04F79EFBC}") = "TelaDeLogin", "TelaDeLogin\TelaDeLogin.csproj", "{C7FB36DB-B88D-4013-B1D3-4680697E1CBB}"
EndProject
Global
	GlobalSection(SolutionConfigurationPlatforms) = preSolution
		Debug|Any CPU = Debug|Any CPU
		Release|Any CPU = Release|Any CPU
	EndGlobalSection
	GlobalSection(ProjectConfigurationPlatforms) = postSolution
		{C7FB36DB-B88D-4013-B1D3-4680697E1CBB}.Debug|Any CPU.ActiveCfg = Debug|Any CPU
		{C7FB36DB-B88D-4013-B1D3-4680697E1CBB}.Debug|Any CPU.Build.0 = Debug|Any CPU
		{C7FB36DB-B88D-4013-B1D3-4680697E1CBB}.Release|Any CPU.ActiveCfg = Release|Any CPU
		{C7FB36DB-B88D-4013-B1D3-4680697E1CBB}.Release|Any CPU.Build.0 = Release|Any CPU
	EndGlobalSection
	GlobalSection(SolutionProperties) = preSolution
		HideSolutionNode = FALSE
	EndGlobalSection
	GlobalSection(ExtensibilityGlobals) = postSolution
		SolutionGuid = {A41F18EA-4633-4E91-B6C8-884F7B4390E2}
	EndGlobalSection
EndGlobal
